
Microsoft Visual Studio Solution File, Format Version 12.00
# Visual Studio 14
VisualStudioVersion = 14.0.24720.0
MinimumVisualStudioVersion = 10.0.40219.1
Project("{FAE04EC0-301F-11D3-BF4B-00C04F79EFBC}") = "GameTranslaterUI", "GameTranslaterUI\GameTranslaterUI.csproj", "{CF51C9B6-B844-45B8-8A5A-83B864748E36}"
EndProject
Project("{FAE04EC0-301F-11D3-BF4B-00C04F79EFBC}") = "DataHelper", "DataHelper\DataHelper.csproj", "{1F75DBBE-84A6-47DE-8C15-88BE126592E9}"
EndProject
Project("{FAE04EC0-301F-11D3-BF4B-00C04F79EFBC}") = "RuneDesign", "RuneDesign\RuneDesign.csproj", "{5D9513FD-D9F7-4CA5-98C9-4474FA148C50}"
EndProject
Project("{FAE04EC0-301F-11D3-BF4B-00C04F79EFBC}") = "IMainPlug", "IMainPlug\IMainPlug.csproj", "{89174EEA-FD9A-44E4-B39F-7AD261017D78}"
EndProject
Project("{FAE04EC0-301F-11D3-BF4B-00C04F79EFBC}") = "ThisWarOfMine", "ThisWarOfMine\ThisWarOfMine.csproj", "{1C0E712E-C372-42DF-9ADF-AF4B1281410A}"
EndProject
Project("{FAE04EC0-301F-11D3-BF4B-00C04F79EFBC}") = "TestProgect", "TestProgect\TestProgect.csproj", "{63AB8A36-FA99-4CB5-A28E-716913CDD304}"
EndProject
Global
	GlobalSection(SolutionConfigurationPlatforms) = preSolution
		Debug|Any CPU = Debug|Any CPU
		Release|Any CPU = Release|Any CPU
	EndGlobalSection
	GlobalSection(ProjectConfigurationPlatforms) = postSolution
		{CF51C9B6-B844-45B8-8A5A-83B864748E36}.Debug|Any CPU.ActiveCfg = Debug|Any CPU
		{CF51C9B6-B844-45B8-8A5A-83B864748E36}.Debug|Any CPU.Build.0 = Debug|Any CPU
		{CF51C9B6-B844-45B8-8A5A-83B864748E36}.Release|Any CPU.ActiveCfg = Release|Any CPU
		{CF51C9B6-B844-45B8-8A5A-83B864748E36}.Release|Any CPU.Build.0 = Release|Any CPU
		{1F75DBBE-84A6-47DE-8C15-88BE126592E9}.Debug|Any CPU.ActiveCfg = Debug|Any CPU
		{1F75DBBE-84A6-47DE-8C15-88BE126592E9}.Debug|Any CPU.Build.0 = Debug|Any CPU
		{1F75DBBE-84A6-47DE-8C15-88BE126592E9}.Release|Any CPU.ActiveCfg = Release|Any CPU
		{1F75DBBE-84A6-47DE-8C15-88BE126592E9}.Release|Any CPU.Build.0 = Release|Any CPU
		{5D9513FD-D9F7-4CA5-98C9-4474FA148C50}.Debug|Any CPU.ActiveCfg = Debug|Any CPU
		{5D9513FD-D9F7-4CA5-98C9-4474FA148C50}.Debug|Any CPU.Build.0 = Debug|Any CPU
		{5D9513FD-D9F7-4CA5-98C9-4474FA148C50}.Release|Any CPU.ActiveCfg = Release|Any CPU
		{5D9513FD-D9F7-4CA5-98C9-4474FA148C50}.Release|Any CPU.Build.0 = Release|Any CPU
		{89174EEA-FD9A-44E4-B39F-7AD261017D78}.Debug|Any CPU.ActiveCfg = Debug|Any CPU
		{89174EEA-FD9A-44E4-B39F-7AD261017D78}.Debug|Any CPU.Build.0 = Debug|Any CPU
		{89174EEA-FD9A-44E4-B39F-7AD261017D78}.Release|Any CPU.ActiveCfg = Release|Any CPU
		{89174EEA-FD9A-44E4-B39F-7AD261017D78}.Release|Any CPU.Build.0 = Release|Any CPU
		{1C0E712E-C372-42DF-9ADF-AF4B1281410A}.Debug|Any CPU.ActiveCfg = Debug|Any CPU
		{1C0E712E-C372-42DF-9ADF-AF4B1281410A}.Debug|Any CPU.Build.0 = Debug|Any CPU
		{1C0E712E-C372-42DF-9ADF-AF4B1281410A}.Release|Any CPU.ActiveCfg = Release|Any CPU
		{1C0E712E-C372-42DF-9ADF-AF4B1281410A}.Release|Any CPU.Build.0 = Release|Any CPU
		{63AB8A36-FA99-4CB5-A28E-716913CDD304}.Debug|Any CPU.ActiveCfg = Debug|Any CPU
		{63AB8A36-FA99-4CB5-A28E-716913CDD304}.Debug|Any CPU.Build.0 = Debug|Any CPU
		{63AB8A36-FA99-4CB5-A28E-716913CDD304}.Release|Any CPU.ActiveCfg = Release|Any CPU
		{63AB8A36-FA99-4CB5-A28E-716913CDD304}.Release|Any CPU.Build.0 = Release|Any CPU
	EndGlobalSection
	GlobalSection(SolutionProperties) = preSolution
		HideSolutionNode = FALSE
	EndGlobalSection
EndGlobal
